
Microsoft Visual Studio Solution File, Format Version 12.00
# Visual Studio Version 16
VisualStudioVersion = 16.0.31205.134
MinimumVisualStudioVersion = 10.0.40219.1
Project("{9A19103F-16F7-4668-BE54-9A1E7A4F7556}") = "PersonalFinances.API", "PersonalFinances.API\PersonalFinances.API.csproj", "{50E62968-B869-4D4D-B8BD-1B3417F955C1}"
EndProject
Project("{9A19103F-16F7-4668-BE54-9A1E7A4F7556}") = "PersonalFinances.Domain", "PersonalFinances.Domain\PersonalFinances.Domain.csproj", "{A08500B2-3C4B-4C15-B8DD-6D6FA97F4CD5}"
EndProject
Project("{9A19103F-16F7-4668-BE54-9A1E7A4F7556}") = "PersonalFinances.Tests", "PersonalFinances.Tests\PersonalFinances.Tests.csproj", "{3D33E409-106B-412F-BB6B-3A03EBF634B5}"
EndProject
Project("{FAE04EC0-301F-11D3-BF4B-00C04F79EFBC}") = "PersonalFinances.Infra", "PersonalFinances.Infra\PersonalFinances.Infra.csproj", "{35B19E75-D321-47B0-B27C-F86C260F7D44}"
EndProject
Project("{FAE04EC0-301F-11D3-BF4B-00C04F79EFBC}") = "PersonalFinances.Application", "PersonalFinances.Application\PersonalFinances.Application.csproj", "{D8699E0C-F8F0-4241-BB22-AB1FB7D4142C}"
EndProject
Global
	GlobalSection(SolutionConfigurationPlatforms) = preSolution
		Debug|Any CPU = Debug|Any CPU
		Release|Any CPU = Release|Any CPU
	EndGlobalSection
	GlobalSection(ProjectConfigurationPlatforms) = postSolution
		{50E62968-B869-4D4D-B8BD-1B3417F955C1}.Debug|Any CPU.ActiveCfg = Debug|Any CPU
		{50E62968-B869-4D4D-B8BD-1B3417F955C1}.Debug|Any CPU.Build.0 = Debug|Any CPU
		{50E62968-B869-4D4D-B8BD-1B3417F955C1}.Release|Any CPU.ActiveCfg = Release|Any CPU
		{50E62968-B869-4D4D-B8BD-1B3417F955C1}.Release|Any CPU.Build.0 = Release|Any CPU
		{A08500B2-3C4B-4C15-B8DD-6D6FA97F4CD5}.Debug|Any CPU.ActiveCfg = Debug|Any CPU
		{A08500B2-3C4B-4C15-B8DD-6D6FA97F4CD5}.Debug|Any CPU.Build.0 = Debug|Any CPU
		{A08500B2-3C4B-4C15-B8DD-6D6FA97F4CD5}.Release|Any CPU.ActiveCfg = Release|Any CPU
		{A08500B2-3C4B-4C15-B8DD-6D6FA97F4CD5}.Release|Any CPU.Build.0 = Release|Any CPU
		{3D33E409-106B-412F-BB6B-3A03EBF634B5}.Debug|Any CPU.ActiveCfg = Debug|Any CPU
		{3D33E409-106B-412F-BB6B-3A03EBF634B5}.Debug|Any CPU.Build.0 = Debug|Any CPU
		{3D33E409-106B-412F-BB6B-3A03EBF634B5}.Release|Any CPU.ActiveCfg = Release|Any CPU
		{3D33E409-106B-412F-BB6B-3A03EBF634B5}.Release|Any CPU.Build.0 = Release|Any CPU
		{35B19E75-D321-47B0-B27C-F86C260F7D44}.Debug|Any CPU.ActiveCfg = Debug|Any CPU
		{35B19E75-D321-47B0-B27C-F86C260F7D44}.Debug|Any CPU.Build.0 = Debug|Any CPU
		{35B19E75-D321-47B0-B27C-F86C260F7D44}.Release|Any CPU.ActiveCfg = Release|Any CPU
		{35B19E75-D321-47B0-B27C-F86C260F7D44}.Release|Any CPU.Build.0 = Release|Any CPU
		{D8699E0C-F8F0-4241-BB22-AB1FB7D4142C}.Debug|Any CPU.ActiveCfg = Debug|Any CPU
		{D8699E0C-F8F0-4241-BB22-AB1FB7D4142C}.Debug|Any CPU.Build.0 = Debug|Any CPU
		{D8699E0C-F8F0-4241-BB22-AB1FB7D4142C}.Release|Any CPU.ActiveCfg = Release|Any CPU
		{D8699E0C-F8F0-4241-BB22-AB1FB7D4142C}.Release|Any CPU.Build.0 = Release|Any CPU
	EndGlobalSection
	GlobalSection(SolutionProperties) = preSolution
		HideSolutionNode = FALSE
	EndGlobalSection
	GlobalSection(ExtensibilityGlobals) = postSolution
		SolutionGuid = {C4145326-DA65-42C3-B623-DE309665BC18}
	EndGlobalSection
EndGlobal
