
Microsoft Visual Studio Solution File, Format Version 12.00
# Visual Studio Version 16
VisualStudioVersion = 16.0.31205.134
MinimumVisualStudioVersion = 10.0.40219.1
Project("{FAE04EC0-301F-11D3-BF4B-00C04F79EFBC}") = "PersonalFinances.API", "PersonalFinances.API\PersonalFinances.API.csproj", "{50E62968-B869-4D4D-B8BD-1B3417F955C1}"
EndProject
Global
	GlobalSection(SolutionConfigurationPlatforms) = preSolution
		Debug|Any CPU = Debug|Any CPU
		Release|Any CPU = Release|Any CPU
	EndGlobalSection
	GlobalSection(ProjectConfigurationPlatforms) = postSolution
		{50E62968-B869-4D4D-B8BD-1B3417F955C1}.Debug|Any CPU.ActiveCfg = Debug|Any CPU
		{50E62968-B869-4D4D-B8BD-1B3417F955C1}.Debug|Any CPU.Build.0 = Debug|Any CPU
		{50E62968-B869-4D4D-B8BD-1B3417F955C1}.Release|Any CPU.ActiveCfg = Release|Any CPU
		{50E62968-B869-4D4D-B8BD-1B3417F955C1}.Release|Any CPU.Build.0 = Release|Any CPU
	EndGlobalSection
	GlobalSection(SolutionProperties) = preSolution
		HideSolutionNode = FALSE
	EndGlobalSection
	GlobalSection(ExtensibilityGlobals) = postSolution
		SolutionGuid = {C4145326-DA65-42C3-B623-DE309665BC18}
	EndGlobalSection
EndGlobal
